// !$*UTF8*$!
{
	archiveVersion = 1;
	classes = {
	};
	objectVersion = 50;
	objects = {

/* Begin PBXBuildFile section */
		1CB77C3E225C74B000D4A9E4 /* AppDelegate.swift in Sources */ = {isa = PBXBuildFile; fileRef = 1CB77C3D225C74B000D4A9E4 /* AppDelegate.swift */; };
		1CB77C40225C74B000D4A9E4 /* ViewController.swift in Sources */ = {isa = PBXBuildFile; fileRef = 1CB77C3F225C74B000D4A9E4 /* ViewController.swift */; };
		1CB77C43225C74B000D4A9E4 /* Main.storyboard in Resources */ = {isa = PBXBuildFile; fileRef = 1CB77C41225C74B000D4A9E4 /* Main.storyboard */; };
		1CB77C45225C74B100D4A9E4 /* Assets.xcassets in Resources */ = {isa = PBXBuildFile; fileRef = 1CB77C44225C74B100D4A9E4 /* Assets.xcassets */; };
		1CB77C48225C74B100D4A9E4 /* LaunchScreen.storyboard in Resources */ = {isa = PBXBuildFile; fileRef = 1CB77C46225C74B100D4A9E4 /* LaunchScreen.storyboard */; };
		1CB77C53225C74B100D4A9E4 /* CollecitonViewDemoTests.swift in Sources */ = {isa = PBXBuildFile; fileRef = 1CB77C52225C74B100D4A9E4 /* CollecitonViewDemoTests.swift */; };
		1CB77C5E225C74B100D4A9E4 /* CollecitonViewDemoUITests.swift in Sources */ = {isa = PBXBuildFile; fileRef = 1CB77C5D225C74B100D4A9E4 /* CollecitonViewDemoUITests.swift */; };
/* End PBXBuildFile section */

/* Begin PBXContainerItemProxy section */
		1CB77C4F225C74B100D4A9E4 /* PBXContainerItemProxy */ = {
			isa = PBXContainerItemProxy;
			containerPortal = 1CB77C32225C74B000D4A9E4 /* Project object */;
			proxyType = 1;
			remoteGlobalIDString = 1CB77C39225C74B000D4A9E4;
			remoteInfo = CollecitonViewDemo;
		};
		1CB77C5A225C74B100D4A9E4 /* PBXContainerItemProxy */ = {
			isa = PBXContainerItemProxy;
			containerPortal = 1CB77C32225C74B000D4A9E4 /* Project object */;
			proxyType = 1;
			remoteGlobalIDString = 1CB77C39225C74B000D4A9E4;
			remoteInfo = CollecitonViewDemo;
		};
/* End PBXContainerItemProxy section */

/* Begin PBXFileReference section */
		1CB77C3A225C74B000D4A9E4 /* CollecitonViewDemo.app */ = {isa = PBXFileReference; explicitFileType = wrapper.application; includeInIndex = 0; path = CollecitonViewDemo.app; sourceTree = BUILT_PRODUCTS_DIR; };
		1CB77C3D225C74B000D4A9E4 /* AppDelegate.swift */ = {isa = PBXFileReference; lastKnownFileType = sourcecode.swift; path = AppDelegate.swift; sourceTree = "<group>"; };
		1CB77C3F225C74B000D4A9E4 /* ViewController.swift */ = {isa = PBXFileReference; lastKnownFileType = sourcecode.swift; path = ViewController.swift; sourceTree = "<group>"; };
		1CB77C42225C74B000D4A9E4 /* Base */ = {isa = PBXFileReference; lastKnownFileType = file.storyboard; name = Base; path = Base.lproj/Main.storyboard; sourceTree = "<group>"; };
		1CB77C44225C74B100D4A9E4 /* Assets.xcassets */ = {isa = PBXFileReference; lastKnownFileType = folder.assetcatalog; path = Assets.xcassets; sourceTree = "<group>"; };
		1CB77C47225C74B100D4A9E4 /* Base */ = {isa = PBXFileReference; lastKnownFileType = file.storyboard; name = Base; path = Base.lproj/LaunchScreen.storyboard; sourceTree = "<group>"; };
		1CB77C49225C74B100D4A9E4 /* Info.plist */ = {isa = PBXFileReference; lastKnownFileType = text.plist.xml; path = Info.plist; sourceTree = "<group>"; };
		1CB77C4E225C74B100D4A9E4 /* CollecitonViewDemoTests.xctest */ = {isa = PBXFileReference; explicitFileType = wrapper.cfbundle; includeInIndex = 0; path = CollecitonViewDemoTests.xctest; sourceTree = BUILT_PRODUCTS_DIR; };
		1CB77C52225C74B100D4A9E4 /* CollecitonViewDemoTests.swift */ = {isa = PBXFileReference; lastKnownFileType = sourcecode.swift; path = CollecitonViewDemoTests.swift; sourceTree = "<group>"; };
		1CB77C54225C74B100D4A9E4 /* Info.plist */ = {isa = PBXFileReference; lastKnownFileType = text.plist.xml; path = Info.plist; sourceTree = "<group>"; };
		1CB77C59225C74B100D4A9E4 /* CollecitonViewDemoUITests.xctest */ = {isa = PBXFileReference; explicitFileType = wrapper.cfbundle; includeInIndex = 0; path = CollecitonViewDemoUITests.xctest; sourceTree = BUILT_PRODUCTS_DIR; };
		1CB77C5D225C74B100D4A9E4 /* CollecitonViewDemoUITests.swift */ = {isa = PBXFileReference; lastKnownFileType = sourcecode.swift; path = CollecitonViewDemoUITests.swift; sourceTree = "<group>"; };
		1CB77C5F225C74B100D4A9E4 /* Info.plist */ = {isa = PBXFileReference; lastKnownFileType = text.plist.xml; path = Info.plist; sourceTree = "<group>"; };
/* End PBXFileReference section */

/* Begin PBXFrameworksBuildPhase section */
		1CB77C37225C74B000D4A9E4 /* Frameworks */ = {
			isa = PBXFrameworksBuildPhase;
			buildActionMask = 2147483647;
			files = (
			);
			runOnlyForDeploymentPostprocessing = 0;
		};
		1CB77C4B225C74B100D4A9E4 /* Frameworks */ = {
			isa = PBXFrameworksBuildPhase;
			buildActionMask = 2147483647;
			files = (
			);
			runOnlyForDeploymentPostprocessing = 0;
		};
		1CB77C56225C74B100D4A9E4 /* Frameworks */ = {
			isa = PBXFrameworksBuildPhase;
			buildActionMask = 2147483647;
			files = (
			);
			runOnlyForDeploymentPostprocessing = 0;
		};
/* End PBXFrameworksBuildPhase section */

/* Begin PBXGroup section */
		1CB77C31225C74B000D4A9E4 = {
			isa = PBXGroup;
			children = (
				1CB77C3C225C74B000D4A9E4 /* CollecitonViewDemo */,
				1CB77C51225C74B100D4A9E4 /* CollecitonViewDemoTests */,
				1CB77C5C225C74B100D4A9E4 /* CollecitonViewDemoUITests */,
				1CB77C3B225C74B000D4A9E4 /* Products */,
			);
			sourceTree = "<group>";
		};
		1CB77C3B225C74B000D4A9E4 /* Products */ = {
			isa = PBXGroup;
			children = (
				1CB77C3A225C74B000D4A9E4 /* CollecitonViewDemo.app */,
				1CB77C4E225C74B100D4A9E4 /* CollecitonViewDemoTests.xctest */,
				1CB77C59225C74B100D4A9E4 /* CollecitonViewDemoUITests.xctest */,
			);
			name = Products;
			sourceTree = "<group>";
		};
		1CB77C3C225C74B000D4A9E4 /* CollecitonViewDemo */ = {
			isa = PBXGroup;
			children = (
				1CB77C3D225C74B000D4A9E4 /* AppDelegate.swift */,
				1CB77C3F225C74B000D4A9E4 /* ViewController.swift */,
				1CB77C41225C74B000D4A9E4 /* Main.storyboard */,
				1CB77C44225C74B100D4A9E4 /* Assets.xcassets */,
				1CB77C46225C74B100D4A9E4 /* LaunchScreen.storyboard */,
				1CB77C49225C74B100D4A9E4 /* Info.plist */,
			);
			path = CollecitonViewDemo;
			sourceTree = "<group>";
		};
		1CB77C51225C74B100D4A9E4 /* CollecitonViewDemoTests */ = {
			isa = PBXGroup;
			children = (
				1CB77C52225C74B100D4A9E4 /* CollecitonViewDemoTests.swift */,
				1CB77C54225C74B100D4A9E4 /* Info.plist */,
			);
			path = CollecitonViewDemoTests;
			sourceTree = "<group>";
		};
		1CB77C5C225C74B100D4A9E4 /* CollecitonViewDemoUITests */ = {
			isa = PBXGroup;
			children = (
				1CB77C5D225C74B100D4A9E4 /* CollecitonViewDemoUITests.swift */,
				1CB77C5F225C74B100D4A9E4 /* Info.plist */,
			);
			path = CollecitonViewDemoUITests;
			sourceTree = "<group>";
		};
/* End PBXGroup section */

/* Begin PBXNativeTarget section */
		1CB77C39225C74B000D4A9E4 /* CollecitonViewDemo */ = {
			isa = PBXNativeTarget;
			buildConfigurationList = 1CB77C62225C74B100D4A9E4 /* Build configuration list for PBXNativeTarget "CollecitonViewDemo" */;
			buildPhases = (
				1CB77C36225C74B000D4A9E4 /* Sources */,
				1CB77C37225C74B000D4A9E4 /* Frameworks */,
				1CB77C38225C74B000D4A9E4 /* Resources */,
			);
			buildRules = (
			);
			dependencies = (
			);
			name = CollecitonViewDemo;
			productName = CollecitonViewDemo;
			productReference = 1CB77C3A225C74B000D4A9E4 /* CollecitonViewDemo.app */;
			productType = "com.apple.product-type.application";
		};
		1CB77C4D225C74B100D4A9E4 /* CollecitonViewDemoTests */ = {
			isa = PBXNativeTarget;
			buildConfigurationList = 1CB77C65225C74B100D4A9E4 /* Build configuration list for PBXNativeTarget "CollecitonViewDemoTests" */;
			buildPhases = (
				1CB77C4A225C74B100D4A9E4 /* Sources */,
				1CB77C4B225C74B100D4A9E4 /* Frameworks */,
				1CB77C4C225C74B100D4A9E4 /* Resources */,
			);
			buildRules = (
			);
			dependencies = (
				1CB77C50225C74B100D4A9E4 /* PBXTargetDependency */,
			);
			name = CollecitonViewDemoTests;
			productName = CollecitonViewDemoTests;
			productReference = 1CB77C4E225C74B100D4A9E4 /* CollecitonViewDemoTests.xctest */;
			productType = "com.apple.product-type.bundle.unit-test";
		};
		1CB77C58225C74B100D4A9E4 /* CollecitonViewDemoUITests */ = {
			isa = PBXNativeTarget;
			buildConfigurationList = 1CB77C68225C74B100D4A9E4 /* Build configuration list for PBXNativeTarget "CollecitonViewDemoUITests" */;
			buildPhases = (
				1CB77C55225C74B100D4A9E4 /* Sources */,
				1CB77C56225C74B100D4A9E4 /* Frameworks */,
				1CB77C57225C74B100D4A9E4 /* Resources */,
			);
			buildRules = (
			);
			dependencies = (
				1CB77C5B225C74B100D4A9E4 /* PBXTargetDependency */,
			);
			name = CollecitonViewDemoUITests;
			productName = CollecitonViewDemoUITests;
			productReference = 1CB77C59225C74B100D4A9E4 /* CollecitonViewDemoUITests.xctest */;
			productType = "com.apple.product-type.bundle.ui-testing";
		};
/* End PBXNativeTarget section */

/* Begin PBXProject section */
		1CB77C32225C74B000D4A9E4 /* Project object */ = {
			isa = PBXProject;
			attributes = {
				LastSwiftUpdateCheck = 1020;
				LastUpgradeCheck = 1020;
				ORGANIZATIONNAME = kouchi.rin;
				TargetAttributes = {
					1CB77C39225C74B000D4A9E4 = {
						CreatedOnToolsVersion = 10.2;
					};
					1CB77C4D225C74B100D4A9E4 = {
						CreatedOnToolsVersion = 10.2;
						TestTargetID = 1CB77C39225C74B000D4A9E4;
					};
					1CB77C58225C74B100D4A9E4 = {
						CreatedOnToolsVersion = 10.2;
						TestTargetID = 1CB77C39225C74B000D4A9E4;
					};
				};
			};
			buildConfigurationList = 1CB77C35225C74B000D4A9E4 /* Build configuration list for PBXProject "CollecitonViewDemo" */;
			compatibilityVersion = "Xcode 9.3";
			developmentRegion = en;
			hasScannedForEncodings = 0;
			knownRegions = (
				en,
				Base,
			);
			mainGroup = 1CB77C31225C74B000D4A9E4;
			productRefGroup = 1CB77C3B225C74B000D4A9E4 /* Products */;
			projectDirPath = "";
			projectRoot = "";
			targets = (
				1CB77C39225C74B000D4A9E4 /* CollecitonViewDemo */,
				1CB77C4D225C74B100D4A9E4 /* CollecitonViewDemoTests */,
				1CB77C58225C74B100D4A9E4 /* CollecitonViewDemoUITests */,
			);
		};
/* End PBXProject section */

/* Begin PBXResourcesBuildPhase section */
		1CB77C38225C74B000D4A9E4 /* Resources */ = {
			isa = PBXResourcesBuildPhase;
			buildActionMask = 2147483647;
			files = (
				1CB77C48225C74B100D4A9E4 /* LaunchScreen.storyboard in Resources */,
				1CB77C45225C74B100D4A9E4 /* Assets.xcassets in Resources */,
				1CB77C43225C74B000D4A9E4 /* Main.storyboard in Resources */,
			);
			runOnlyForDeploymentPostprocessing = 0;
		};
		1CB77C4C225C74B100D4A9E4 /* Resources */ = {
			isa = PBXResourcesBuildPhase;
			buildActionMask = 2147483647;
			files = (
			);
			runOnlyForDeploymentPostprocessing = 0;
		};
		1CB77C57225C74B100D4A9E4 /* Resources */ = {
			isa = PBXResourcesBuildPhase;
			buildActionMask = 2147483647;
			files = (
			);
			runOnlyForDeploymentPostprocessing = 0;
		};
/* End PBXResourcesBuildPhase section */

/* Begin PBXSourcesBuildPhase section */
		1CB77C36225C74B000D4A9E4 /* Sources */ = {
			isa = PBXSourcesBuildPhase;
			buildActionMask = 2147483647;
			files = (
				1CB77C40225C74B000D4A9E4 /* ViewController.swift in Sources */,
				1CB77C3E225C74B000D4A9E4 /* AppDelegate.swift in Sources */,
			);
			runOnlyForDeploymentPostprocessing = 0;
		};
		1CB77C4A225C74B100D4A9E4 /* Sources */ = {
			isa = PBXSourcesBuildPhase;
			buildActionMask = 2147483647;
			files = (
				1CB77C53225C74B100D4A9E4 /* CollecitonViewDemoTests.swift in Sources */,
			);
			runOnlyForDeploymentPostprocessing = 0;
		};
		1CB77C55225C74B100D4A9E4 /* Sources */ = {
			isa = PBXSourcesBuildPhase;
			buildActionMask = 2147483647;
			files = (
				1CB77C5E225C74B100D4A9E4 /* CollecitonViewDemoUITests.swift in Sources */,
			);
			runOnlyForDeploymentPostprocessing = 0;
		};
/* End PBXSourcesBuildPhase section */

/* Begin PBXTargetDependency section */
		1CB77C50225C74B100D4A9E4 /* PBXTargetDependency */ = {
			isa = PBXTargetDependency;
			target = 1CB77C39225C74B000D4A9E4 /* CollecitonViewDemo */;
			targetProxy = 1CB77C4F225C74B100D4A9E4 /* PBXContainerItemProxy */;
		};
		1CB77C5B225C74B100D4A9E4 /* PBXTargetDependency */ = {
			isa = PBXTargetDependency;
			target = 1CB77C39225C74B000D4A9E4 /* CollecitonViewDemo */;
			targetProxy = 1CB77C5A225C74B100D4A9E4 /* PBXContainerItemProxy */;
		};
/* End PBXTargetDependency section */

/* Begin PBXVariantGroup section */
		1CB77C41225C74B000D4A9E4 /* Main.storyboard */ = {
			isa = PBXVariantGroup;
			children = (
				1CB77C42225C74B000D4A9E4 /* Base */,
			);
			name = Main.storyboard;
			sourceTree = "<group>";
		};
		1CB77C46225C74B100D4A9E4 /* LaunchScreen.storyboard */ = {
			isa = PBXVariantGroup;
			children = (
				1CB77C47225C74B100D4A9E4 /* Base */,
			);
			name = LaunchScreen.storyboard;
			sourceTree = "<group>";
		};
/* End PBXVariantGroup section */

/* Begin XCBuildConfiguration section */
		1CB77C60225C74B100D4A9E4 /* Debug */ = {
			isa = XCBuildConfiguration;
			buildSettings = {
				ALWAYS_SEARCH_USER_PATHS = NO;
				CLANG_ANALYZER_NONNULL = YES;
				CLANG_ANALYZER_NUMBER_OBJECT_CONVERSION = YES_AGGRESSIVE;
				CLANG_CXX_LANGUAGE_STANDARD = "gnu++14";
				CLANG_CXX_LIBRARY = "libc++";
				CLANG_ENABLE_MODULES = YES;
				CLANG_ENABLE_OBJC_ARC = YES;
				CLANG_ENABLE_OBJC_WEAK = YES;
				CLANG_WARN_BLOCK_CAPTURE_AUTORELEASING = YES;
				CLANG_WARN_BOOL_CONVERSION = YES;
				CLANG_WARN_COMMA = YES;
				CLANG_WARN_CONSTANT_CONVERSION = YES;
				CLANG_WARN_DEPRECATED_OBJC_IMPLEMENTATIONS = YES;
				CLANG_WARN_DIRECT_OBJC_ISA_USAGE = YES_ERROR;
				CLANG_WARN_DOCUMENTATION_COMMENTS = YES;
				CLANG_WARN_EMPTY_BODY = YES;
				CLANG_WARN_ENUM_CONVERSION = YES;
				CLANG_WARN_INFINITE_RECURSION = YES;
				CLANG_WARN_INT_CONVERSION = YES;
				CLANG_WARN_NON_LITERAL_NULL_CONVERSION = YES;
				CLANG_WARN_OBJC_IMPLICIT_RETAIN_SELF = YES;
				CLANG_WARN_OBJC_LITERAL_CONVERSION = YES;
				CLANG_WARN_OBJC_ROOT_CLASS = YES_ERROR;
				CLANG_WARN_RANGE_LOOP_ANALYSIS = YES;
				CLANG_WARN_STRICT_PROTOTYPES = YES;
				CLANG_WARN_SUSPICIOUS_MOVE = YES;
				CLANG_WARN_UNGUARDED_AVAILABILITY = YES_AGGRESSIVE;
				CLANG_WARN_UNREACHABLE_CODE = YES;
				CLANG_WARN__DUPLICATE_METHOD_MATCH = YES;
				CODE_SIGN_IDENTITY = "iPhone Developer";
				COPY_PHASE_STRIP = NO;
				DEBUG_INFORMATION_FORMAT = dwarf;
				ENABLE_STRICT_OBJC_MSGSEND = YES;
				ENABLE_TESTABILITY = YES;
				GCC_C_LANGUAGE_STANDARD = gnu11;
				GCC_DYNAMIC_NO_PIC = NO;
				GCC_NO_COMMON_BLOCKS = YES;
				GCC_OPTIMIZATION_LEVEL = 0;
				GCC_PREPROCESSOR_DEFINITIONS = (
					"DEBUG=1",
					"$(inherited)",
				);
				GCC_WARN_64_TO_32_BIT_CONVERSION = YES;
				GCC_WARN_ABOUT_RETURN_TYPE = YES_ERROR;
				GCC_WARN_UNDECLARED_SELECTOR = YES;
				GCC_WARN_UNINITIALIZED_AUTOS = YES_AGGRESSIVE;
				GCC_WARN_UNUSED_FUNCTION = YES;
				GCC_WARN_UNUSED_VARIABLE = YES;
				IPHONEOS_DEPLOYMENT_TARGET = 12.2;
				MTL_ENABLE_DEBUG_INFO = INCLUDE_SOURCE;
				MTL_FAST_MATH = YES;
				ONLY_ACTIVE_ARCH = YES;
				SDKROOT = iphoneos;
				SWIFT_ACTIVE_COMPILATION_CONDITIONS = DEBUG;
				SWIFT_OPTIMIZATION_LEVEL = "-Onone";
			};
			name = Debug;
		};
		1CB77C61225C74B100D4A9E4 /* Release */ = {
			isa = XCBuildConfiguration;
			buildSettings = {
				ALWAYS_SEARCH_USER_PATHS = NO;
				CLANG_ANALYZER_NONNULL = YES;
				CLANG_ANALYZER_NUMBER_OBJECT_CONVERSION = YES_AGGRESSIVE;
				CLANG_CXX_LANGUAGE_STANDARD = "gnu++14";
				CLANG_CXX_LIBRARY = "libc++";
				CLANG_ENABLE_MODULES = YES;
				CLANG_ENABLE_OBJC_ARC = YES;
				CLANG_ENABLE_OBJC_WEAK = YES;
				CLANG_WARN_BLOCK_CAPTURE_AUTORELEASING = YES;
				CLANG_WARN_BOOL_CONVERSION = YES;
				CLANG_WARN_COMMA = YES;
				CLANG_WARN_CONSTANT_CONVERSION = YES;
				CLANG_WARN_DEPRECATED_OBJC_IMPLEMENTATIONS = YES;
				CLANG_WARN_DIRECT_OBJC_ISA_USAGE = YES_ERROR;
				CLANG_WARN_DOCUMENTATION_COMMENTS = YES;
				CLANG_WARN_EMPTY_BODY = YES;
				CLANG_WARN_ENUM_CONVERSION = YES;
				CLANG_WARN_INFINITE_RECURSION = YES;
				CLANG_WARN_INT_CONVERSION = YES;
				CLANG_WARN_NON_LITERAL_NULL_CONVERSION = YES;
				CLANG_WARN_OBJC_IMPLICIT_RETAIN_SELF = YES;
				CLANG_WARN_OBJC_LITERAL_CONVERSION = YES;
				CLANG_WARN_OBJC_ROOT_CLASS = YES_ERROR;
				CLANG_WARN_RANGE_LOOP_ANALYSIS = YES;
				CLANG_WARN_STRICT_PROTOTYPES = YES;
				CLANG_WARN_SUSPICIOUS_MOVE = YES;
				CLANG_WARN_UNGUARDED_AVAILABILITY = YES_AGGRESSIVE;
				CLANG_WARN_UNREACHABLE_CODE = YES;
				CLANG_WARN__DUPLICATE_METHOD_MATCH = YES;
				CODE_SIGN_IDENTITY = "iPhone Developer";
				COPY_PHASE_STRIP = NO;
				DEBUG_INFORMATION_FORMAT = "dwarf-with-dsym";
				ENABLE_NS_ASSERTIONS = NO;
				ENABLE_STRICT_OBJC_MSGSEND = YES;
				GCC_C_LANGUAGE_STANDARD = gnu11;
				GCC_NO_COMMON_BLOCKS = YES;
				GCC_WARN_64_TO_32_BIT_CONVERSION = YES;
				GCC_WARN_ABOUT_RETURN_TYPE = YES_ERROR;
				GCC_WARN_UNDECLARED_SELECTOR = YES;
				GCC_WARN_UNINITIALIZED_AUTOS = YES_AGGRESSIVE;
				GCC_WARN_UNUSED_FUNCTION = YES;
				GCC_WARN_UNUSED_VARIABLE = YES;
				IPHONEOS_DEPLOYMENT_TARGET = 12.2;
				MTL_ENABLE_DEBUG_INFO = NO;
				MTL_FAST_MATH = YES;
				SDKROOT = iphoneos;
				SWIFT_COMPILATION_MODE = wholemodule;
				SWIFT_OPTIMIZATION_LEVEL = "-O";
				VALIDATE_PRODUCT = YES;
			};
			name = Release;
		};
		1CB77C63225C74B100D4A9E4 /* Debug */ = {
			isa = XCBuildConfiguration;
			buildSettings = {
				ASSETCATALOG_COMPILER_APPICON_NAME = AppIcon;
				CODE_SIGN_STYLE = Automatic;
				INFOPLIST_FILE = CollecitonViewDemo/Info.plist;
				LD_RUNPATH_SEARCH_PATHS = (
					"$(inherited)",
					"@executable_path/Frameworks",
				);
				PRODUCT_BUNDLE_IDENTIFIER = zzt.CollecitonViewDemo;
				PRODUCT_NAME = "$(TARGET_NAME)";
				SWIFT_VERSION = 5.0;
				TARGETED_DEVICE_FAMILY = "1,2";
			};
			name = Debug;
		};
		1CB77C64225C74B100D4A9E4 /* Release */ = {
			isa = XCBuildConfiguration;
			buildSettings = {
				ASSETCATALOG_COMPILER_APPICON_NAME = AppIcon;
				CODE_SIGN_STYLE = Automatic;
				INFOPLIST_FILE = CollecitonViewDemo/Info.plist;
				LD_RUNPATH_SEARCH_PATHS = (
					"$(inherited)",
					"@executable_path/Frameworks",
				);
				PRODUCT_BUNDLE_IDENTIFIER = zzt.CollecitonViewDemo;
				PRODUCT_NAME = "$(TARGET_NAME)";
				SWIFT_VERSION = 5.0;
				TARGETED_DEVICE_FAMILY = "1,2";
			};
			name = Release;
		};
		1CB77C66225C74B100D4A9E4 /* Debug */ = {
			isa = XCBuildConfiguration;
			buildSettings = {
				ALWAYS_EMBED_SWIFT_STANDARD_LIBRARIES = YES;
				BUNDLE_LOADER = "$(TEST_HOST)";
				CODE_SIGN_STYLE = Automatic;
				INFOPLIST_FILE = CollecitonViewDemoTests/Info.plist;
				LD_RUNPATH_SEARCH_PATHS = (
					"$(inherited)",
					"@executable_path/Frameworks",
					"@loader_path/Frameworks",
				);
				PRODUCT_BUNDLE_IDENTIFIER = zzt.CollecitonViewDemoTests;
				PRODUCT_NAME = "$(TARGET_NAME)";
				SWIFT_VERSION = 5.0;
				TARGETED_DEVICE_FAMILY = "1,2";
				TEST_HOST = "$(BUILT_PRODUCTS_DIR)/CollecitonViewDemo.app/CollecitonViewDemo";
			};
			name = Debug;
		};
		1CB77C67225C74B100D4A9E4 /* Release */ = {
			isa = XCBuildConfiguration;
			buildSettings = {
				ALWAYS_EMBED_SWIFT_STANDARD_LIBRARIES = YES;
				BUNDLE_LOADER = "$(TEST_HOST)";
				CODE_SIGN_STYLE = Automatic;
				INFOPLIST_FILE = CollecitonViewDemoTests/Info.plist;
				LD_RUNPATH_SEARCH_PATHS = (
					"$(inherited)",
					"@executable_path/Frameworks",
					"@loader_path/Frameworks",
				);
				PRODUCT_BUNDLE_IDENTIFIER = zzt.CollecitonViewDemoTests;
				PRODUCT_NAME = "$(TARGET_NAME)";
				SWIFT_VERSION = 5.0;
				TARGETED_DEVICE_FAMILY = "1,2";
				TEST_HOST = "$(BUILT_PRODUCTS_DIR)/CollecitonViewDemo.app/CollecitonViewDemo";
			};
			name = Release;
		};
		1CB77C69225C74B100D4A9E4 /* Debug */ = {
			isa = XCBuildConfiguration;
			buildSettings = {
				ALWAYS_EMBED_SWIFT_STANDARD_LIBRARIES = YES;
				CODE_SIGN_STYLE = Automatic;
				INFOPLIST_FILE = CollecitonViewDemoUITests/Info.plist;
				LD_RUNPATH_SEARCH_PATHS = (
					"$(inherited)",
					"@executable_path/Frameworks",
					"@loader_path/Frameworks",
				);
				PRODUCT_BUNDLE_IDENTIFIER = zzt.CollecitonViewDemoUITests;
				PRODUCT_NAME = "$(TARGET_NAME)";
				SWIFT_VERSION = 5.0;
				TARGETED_DEVICE_FAMILY = "1,2";
				TEST_TARGET_NAME = CollecitonViewDemo;
			};
			name = Debug;
		};
		1CB77C6A225C74B100D4A9E4 /* Release */ = {
			isa = XCBuildConfiguration;
			buildSettings = {
				ALWAYS_EMBED_SWIFT_STANDARD_LIBRARIES = YES;
				CODE_SIGN_STYLE = Automatic;
				INFOPLIST_FILE = CollecitonViewDemoUITests/Info.plist;
				LD_RUNPATH_SEARCH_PATHS = (
					"$(inherited)",
					"@executable_path/Frameworks",
					"@loader_path/Frameworks",
				);
				PRODUCT_BUNDLE_IDENTIFIER = zzt.CollecitonViewDemoUITests;
				PRODUCT_NAME = "$(TARGET_NAME)";
				SWIFT_VERSION = 5.0;
				TARGETED_DEVICE_FAMILY = "1,2";
				TEST_TARGET_NAME = CollecitonViewDemo;
			};
			name = Release;
		};
/* End XCBuildConfiguration section */

/* Begin XCConfigurationList section */
		1CB77C35225C74B000D4A9E4 /* Build configuration list for PBXProject "CollecitonViewDemo" */ = {
			isa = XCConfigurationList;
			buildConfigurations = (
				1CB77C60225C74B100D4A9E4 /* Debug */,
				1CB77C61225C74B100D4A9E4 /* Release */,
			);
			defaultConfigurationIsVisible = 0;
			defaultConfigurationName = Release;
		};
		1CB77C62225C74B100D4A9E4 /* Build configuration list for PBXNativeTarget "CollecitonViewDemo" */ = {
			isa = XCConfigurationList;
			buildConfigurations = (
				1CB77C63225C74B100D4A9E4 /* Debug */,
				1CB77C64225C74B100D4A9E4 /* Release */,
			);
			defaultConfigurationIsVisible = 0;
			defaultConfigurationName = Release;
		};
		1CB77C65225C74B100D4A9E4 /* Build configuration list for PBXNativeTarget "CollecitonViewDemoTests" */ = {
			isa = XCConfigurationList;
			buildConfigurations = (
				1CB77C66225C74B100D4A9E4 /* Debug */,
				1CB77C67225C74B100D4A9E4 /* Release */,
			);
			defaultConfigurationIsVisible = 0;
			defaultConfigurationName = Release;
		};
		1CB77C68225C74B100D4A9E4 /* Build configuration list for PBXNativeTarget "CollecitonViewDemoUITests" */ = {
			isa = XCConfigurationList;
			buildConfigurations = (
				1CB77C69225C74B100D4A9E4 /* Debug */,
				1CB77C6A225C74B100D4A9E4 /* Release */,
			);
			defaultConfigurationIsVisible = 0;
			defaultConfigurationName = Release;
		};
/* End XCConfigurationList section */
	};
	rootObject = 1CB77C32225C74B000D4A9E4 /* Project object */;
}
